// !$*UTF8*$!
{
	archiveVersion = 1;
	classes = {
	};
	objectVersion = 46;
	objects = {

/* Begin PBXBuildFile section */
		133B2F151CC3C28100176F2B /* AppDelegate.swift in Sources */ = {isa = PBXBuildFile; fileRef = 133B2F141CC3C28100176F2B /* AppDelegate.swift */; };
		133B2F171CC3C28100176F2B /* ViewController.swift in Sources */ = {isa = PBXBuildFile; fileRef = 133B2F161CC3C28100176F2B /* ViewController.swift */; };
		133B2F1A1CC3C28100176F2B /* Main.storyboard in Resources */ = {isa = PBXBuildFile; fileRef = 133B2F181CC3C28100176F2B /* Main.storyboard */; };
		133B2F1C1CC3C28100176F2B /* Assets.xcassets in Resources */ = {isa = PBXBuildFile; fileRef = 133B2F1B1CC3C28100176F2B /* Assets.xcassets */; };
		133B2F1F1CC3C28100176F2B /* LaunchScreen.storyboard in Resources */ = {isa = PBXBuildFile; fileRef = 133B2F1D1CC3C28100176F2B /* LaunchScreen.storyboard */; };
		133B2F271CC3C38200176F2B /* Custom.xib in Resources */ = {isa = PBXBuildFile; fileRef = 133B2F261CC3C38200176F2B /* Custom.xib */; };
		133B2F291CC3C3C200176F2B /* Custom.swift in Sources */ = {isa = PBXBuildFile; fileRef = 133B2F281CC3C3C200176F2B /* Custom.swift */; };
/* End PBXBuildFile section */

/* Begin PBXFileReference section */
		133B2F111CC3C28100176F2B /* auto-adjust-uiview.app */ = {isa = PBXFileReference; explicitFileType = wrapper.application; includeInIndex = 0; path = "auto-adjust-uiview.app"; sourceTree = BUILT_PRODUCTS_DIR; };
		133B2F141CC3C28100176F2B /* AppDelegate.swift */ = {isa = PBXFileReference; lastKnownFileType = sourcecode.swift; path = AppDelegate.swift; sourceTree = "<group>"; };
		133B2F161CC3C28100176F2B /* ViewController.swift */ = {isa = PBXFileReference; lastKnownFileType = sourcecode.swift; path = ViewController.swift; sourceTree = "<group>"; };
		133B2F191CC3C28100176F2B /* Base */ = {isa = PBXFileReference; lastKnownFileType = file.storyboard; name = Base; path = Base.lproj/Main.storyboard; sourceTree = "<group>"; };
		133B2F1B1CC3C28100176F2B /* Assets.xcassets */ = {isa = PBXFileReference; lastKnownFileType = folder.assetcatalog; path = Assets.xcassets; sourceTree = "<group>"; };
		133B2F1E1CC3C28100176F2B /* Base */ = {isa = PBXFileReference; lastKnownFileType = file.storyboard; name = Base; path = Base.lproj/LaunchScreen.storyboard; sourceTree = "<group>"; };
		133B2F201CC3C28100176F2B /* Info.plist */ = {isa = PBXFileReference; lastKnownFileType = text.plist.xml; path = Info.plist; sourceTree = "<group>"; };
		133B2F261CC3C38200176F2B /* Custom.xib */ = {isa = PBXFileReference; fileEncoding = 4; lastKnownFileType = file.xib; path = Custom.xib; sourceTree = "<group>"; };
		133B2F281CC3C3C200176F2B /* Custom.swift */ = {isa = PBXFileReference; fileEncoding = 4; lastKnownFileType = sourcecode.swift; path = Custom.swift; sourceTree = "<group>"; };
/* End PBXFileReference section */

/* Begin PBXFrameworksBuildPhase section */
		133B2F0E1CC3C28100176F2B /* Frameworks */ = {
			isa = PBXFrameworksBuildPhase;
			buildActionMask = 2147483647;
			files = (
			);
			runOnlyForDeploymentPostprocessing = 0;
		};
/* End PBXFrameworksBuildPhase section */

/* Begin PBXGroup section */
		133B2F081CC3C28100176F2B = {
			isa = PBXGroup;
			children = (
				133B2F131CC3C28100176F2B /* auto-adjust-uiview */,
				133B2F121CC3C28100176F2B /* Products */,
			);
			sourceTree = "<group>";
		};
		133B2F121CC3C28100176F2B /* Products */ = {
			isa = PBXGroup;
			children = (
				133B2F111CC3C28100176F2B /* auto-adjust-uiview.app */,
			);
			name = Products;
			sourceTree = "<group>";
		};
		133B2F131CC3C28100176F2B /* auto-adjust-uiview */ = {
			isa = PBXGroup;
			children = (
				133B2F141CC3C28100176F2B /* AppDelegate.swift */,
				133B2F161CC3C28100176F2B /* ViewController.swift */,
				133B2F181CC3C28100176F2B /* Main.storyboard */,
				133B2F1B1CC3C28100176F2B /* Assets.xcassets */,
				133B2F1D1CC3C28100176F2B /* LaunchScreen.storyboard */,
				133B2F201CC3C28100176F2B /* Info.plist */,
				133B2F261CC3C38200176F2B /* Custom.xib */,
				133B2F281CC3C3C200176F2B /* Custom.swift */,
			);
			path = "auto-adjust-uiview";
			sourceTree = "<group>";
		};
/* End PBXGroup section */

/* Begin PBXNativeTarget section */
		133B2F101CC3C28100176F2B /* auto-adjust-uiview */ = {
			isa = PBXNativeTarget;
			buildConfigurationList = 133B2F231CC3C28100176F2B /* Build configuration list for PBXNativeTarget "auto-adjust-uiview" */;
			buildPhases = (
				133B2F0D1CC3C28100176F2B /* Sources */,
				133B2F0E1CC3C28100176F2B /* Frameworks */,
				133B2F0F1CC3C28100176F2B /* Resources */,
			);
			buildRules = (
			);
			dependencies = (
			);
			name = "auto-adjust-uiview";
			productName = "auto-adjust-uiview";
			productReference = 133B2F111CC3C28100176F2B /* auto-adjust-uiview.app */;
			productType = "com.apple.product-type.application";
		};
/* End PBXNativeTarget section */

/* Begin PBXProject section */
		133B2F091CC3C28100176F2B /* Project object */ = {
			isa = PBXProject;
			attributes = {
				LastSwiftUpdateCheck = 0730;
				LastUpgradeCheck = 0730;
				ORGANIZATIONNAME = "Leandro D'Onofrio";
				TargetAttributes = {
					133B2F101CC3C28100176F2B = {
						CreatedOnToolsVersion = 7.3;
					};
				};
			};
			buildConfigurationList = 133B2F0C1CC3C28100176F2B /* Build configuration list for PBXProject "auto-adjust-uiview" */;
			compatibilityVersion = "Xcode 3.2";
			developmentRegion = English;
			hasScannedForEncodings = 0;
			knownRegions = (
				en,
				Base,
			);
			mainGroup = 133B2F081CC3C28100176F2B;
			productRefGroup = 133B2F121CC3C28100176F2B /* Products */;
			projectDirPath = "";
			projectRoot = "";
			targets = (
				133B2F101CC3C28100176F2B /* auto-adjust-uiview */,
			);
		};
/* End PBXProject section */

/* Begin PBXResourcesBuildPhase section */
		133B2F0F1CC3C28100176F2B /* Resources */ = {
			isa = PBXResourcesBuildPhase;
			buildActionMask = 2147483647;
			files = (
				133B2F1F1CC3C28100176F2B /* LaunchScreen.storyboard in Resources */,
				133B2F1C1CC3C28100176F2B /* Assets.xcassets in Resources */,
				133B2F271CC3C38200176F2B /* Custom.xib in Resources */,
				133B2F1A1CC3C28100176F2B /* Main.storyboard in Resources */,
			);
			runOnlyForDeploymentPostprocessing = 0;
		};
/* End PBXResourcesBuildPhase section */

/* Begin PBXSourcesBuildPhase section */
		133B2F0D1CC3C28100176F2B /* Sources */ = {
			isa = PBXSourcesBuildPhase;
			buildActionMask = 2147483647;
			files = (
				133B2F171CC3C28100176F2B /* ViewController.swift in Sources */,
				133B2F151CC3C28100176F2B /* AppDelegate.swift in Sources */,
				133B2F291CC3C3C200176F2B /* Custom.swift in Sources */,
			);
			runOnlyForDeploymentPostprocessing = 0;
		};
/* End PBXSourcesBuildPhase section */

/* Begin PBXVariantGroup section */
		133B2F181CC3C28100176F2B /* Main.storyboard */ = {
			isa = PBXVariantGroup;
			children = (
				133B2F191CC3C28100176F2B /* Base */,
			);
			name = Main.storyboard;
			sourceTree = "<group>";
		};
		133B2F1D1CC3C28100176F2B /* LaunchScreen.storyboard */ = {
			isa = PBXVariantGroup;
			children = (
				133B2F1E1CC3C28100176F2B /* Base */,
			);
			name = LaunchScreen.storyboard;
			sourceTree = "<group>";
		};
/* End PBXVariantGroup section */

/* Begin XCBuildConfiguration section */
		133B2F211CC3C28100176F2B /* Debug */ = {
			isa = XCBuildConfiguration;
			buildSettings = {
				ALWAYS_SEARCH_USER_PATHS = NO;
				CLANG_ANALYZER_NONNULL = YES;
				CLANG_CXX_LANGUAGE_STANDARD = "gnu++0x";
				CLANG_CXX_LIBRARY = "libc++";
				CLANG_ENABLE_MODULES = YES;
				CLANG_ENABLE_OBJC_ARC = YES;
				CLANG_WARN_BOOL_CONVERSION = YES;
				CLANG_WARN_CONSTANT_CONVERSION = YES;
				CLANG_WARN_DIRECT_OBJC_ISA_USAGE = YES_ERROR;
				CLANG_WARN_EMPTY_BODY = YES;
				CLANG_WARN_ENUM_CONVERSION = YES;
				CLANG_WARN_INT_CONVERSION = YES;
				CLANG_WARN_OBJC_ROOT_CLASS = YES_ERROR;
				CLANG_WARN_UNREACHABLE_CODE = YES;
				CLANG_WARN__DUPLICATE_METHOD_MATCH = YES;
				"CODE_SIGN_IDENTITY[sdk=iphoneos*]" = "iPhone Developer";
				COPY_PHASE_STRIP = NO;
				DEBUG_INFORMATION_FORMAT = dwarf;
				ENABLE_STRICT_OBJC_MSGSEND = YES;
				ENABLE_TESTABILITY = YES;
				GCC_C_LANGUAGE_STANDARD = gnu99;
				GCC_DYNAMIC_NO_PIC = NO;
				GCC_NO_COMMON_BLOCKS = YES;
				GCC_OPTIMIZATION_LEVEL = 0;
				GCC_PREPROCESSOR_DEFINITIONS = (
					"DEBUG=1",
					"$(inherited)",
				);
				GCC_WARN_64_TO_32_BIT_CONVERSION = YES;
				GCC_WARN_ABOUT_RETURN_TYPE = YES_ERROR;
				GCC_WARN_UNDECLARED_SELECTOR = YES;
				GCC_WARN_UNINITIALIZED_AUTOS = YES_AGGRESSIVE;
				GCC_WARN_UNUSED_FUNCTION = YES;
				GCC_WARN_UNUSED_VARIABLE = YES;
				IPHONEOS_DEPLOYMENT_TARGET = 9.3;
				MTL_ENABLE_DEBUG_INFO = YES;
				ONLY_ACTIVE_ARCH = YES;
				SDKROOT = iphoneos;
				SWIFT_OPTIMIZATION_LEVEL = "-Onone";
				TARGETED_DEVICE_FAMILY = "1,2";
			};
			name = Debug;
		};
		133B2F221CC3C28100176F2B /* Release */ = {
			isa = XCBuildConfiguration;
			buildSettings = {
				ALWAYS_SEARCH_USER_PATHS = NO;
				CLANG_ANALYZER_NONNULL = YES;
				CLANG_CXX_LANGUAGE_STANDARD = "gnu++0x";
				CLANG_CXX_LIBRARY = "libc++";
				CLANG_ENABLE_MODULES = YES;
				CLANG_ENABLE_OBJC_ARC = YES;
				CLANG_WARN_BOOL_CONVERSION = YES;
				CLANG_WARN_CONSTANT_CONVERSION = YES;
				CLANG_WARN_DIRECT_OBJC_ISA_USAGE = YES_ERROR;
				CLANG_WARN_EMPTY_BODY = YES;
				CLANG_WARN_ENUM_CONVERSION = YES;
				CLANG_WARN_INT_CONVERSION = YES;
				CLANG_WARN_OBJC_ROOT_CLASS = YES_ERROR;
				CLANG_WARN_UNREACHABLE_CODE = YES;
				CLANG_WARN__DUPLICATE_METHOD_MATCH = YES;
				"CODE_SIGN_IDENTITY[sdk=iphoneos*]" = "iPhone Developer";
				COPY_PHASE_STRIP = NO;
				DEBUG_INFORMATION_FORMAT = "dwarf-with-dsym";
				ENABLE_NS_ASSERTIONS = NO;
				ENABLE_STRICT_OBJC_MSGSEND = YES;
				GCC_C_LANGUAGE_STANDARD = gnu99;
				GCC_NO_COMMON_BLOCKS = YES;
				GCC_WARN_64_TO_32_BIT_CONVERSION = YES;
				GCC_WARN_ABOUT_RETURN_TYPE = YES_ERROR;
				GCC_WARN_UNDECLARED_SELECTOR = YES;
				GCC_WARN_UNINITIALIZED_AUTOS = YES_AGGRESSIVE;
				GCC_WARN_UNUSED_FUNCTION = YES;
				GCC_WARN_UNUSED_VARIABLE = YES;
				IPHONEOS_DEPLOYMENT_TARGET = 9.3;
				MTL_ENABLE_DEBUG_INFO = NO;
				SDKROOT = iphoneos;
				TARGETED_DEVICE_FAMILY = "1,2";
				VALIDATE_PRODUCT = YES;
			};
			name = Release;
		};
		133B2F241CC3C28100176F2B /* Debug */ = {
			isa = XCBuildConfiguration;
			buildSettings = {
				ASSETCATALOG_COMPILER_APPICON_NAME = AppIcon;
				INFOPLIST_FILE = "auto-adjust-uiview/Info.plist";
				IPHONEOS_DEPLOYMENT_TARGET = 8.1;
				LD_RUNPATH_SEARCH_PATHS = "$(inherited) @executable_path/Frameworks";
				PRODUCT_BUNDLE_IDENTIFIER = "com.example.auto-adjust-uiview";
				PRODUCT_NAME = "$(TARGET_NAME)";
			};
			name = Debug;
		};
		133B2F251CC3C28100176F2B /* Release */ = {
			isa = XCBuildConfiguration;
			buildSettings = {
				ASSETCATALOG_COMPILER_APPICON_NAME = AppIcon;
				INFOPLIST_FILE = "auto-adjust-uiview/Info.plist";
				IPHONEOS_DEPLOYMENT_TARGET = 8.1;
				LD_RUNPATH_SEARCH_PATHS = "$(inherited) @executable_path/Frameworks";
				PRODUCT_BUNDLE_IDENTIFIER = "com.example.auto-adjust-uiview";
				PRODUCT_NAME = "$(TARGET_NAME)";
			};
			name = Release;
		};
/* End XCBuildConfiguration section */

/* Begin XCConfigurationList section */
		133B2F0C1CC3C28100176F2B /* Build configuration list for PBXProject "auto-adjust-uiview" */ = {
			isa = XCConfigurationList;
			buildConfigurations = (
				133B2F211CC3C28100176F2B /* Debug */,
				133B2F221CC3C28100176F2B /* Release */,
			);
			defaultConfigurationIsVisible = 0;
			defaultConfigurationName = Release;
		};
		133B2F231CC3C28100176F2B /* Build configuration list for PBXNativeTarget "auto-adjust-uiview" */ = {
			isa = XCConfigurationList;
			buildConfigurations = (
				133B2F241CC3C28100176F2B /* Debug */,
				133B2F251CC3C28100176F2B /* Release */,
			);
			defaultConfigurationIsVisible = 0;
		};
/* End XCConfigurationList section */
	};
	rootObject = 133B2F091CC3C28100176F2B /* Project object */;
}
